
Microsoft Visual Studio Solution File, Format Version 12.00
# Visual Studio 2013
VisualStudioVersion = 12.0.21005.1
MinimumVisualStudioVersion = 10.0.40219.1
Project("{FAE04EC0-301F-11D3-BF4B-00C04F79EFBC}") = "VPN.Web", "UI\VPN.Web\VPN.Web.csproj", "{985A6DD0-9557-4B8C-8FB0-12E0F89D5CAB}"
EndProject
Project("{2150E333-8FDC-42A3-9474-1A3956D46DE8}") = "UI", "UI", "{49666BD2-865E-4DD5-9956-77BC0BB945B9}"
EndProject
Project("{2150E333-8FDC-42A3-9474-1A3956D46DE8}") = "Core", "Core", "{69743C27-200E-4427-8057-7965927B81BD}"
EndProject
Project("{FAE04EC0-301F-11D3-BF4B-00C04F79EFBC}") = "VPN.Core.Entities", "Core\VPN.Entities\VPN.Core.Entities.csproj", "{6CA1A08B-D5A7-4233-9B11-D051D95E23A0}"
EndProject
Project("{FAE04EC0-301F-11D3-BF4B-00C04F79EFBC}") = "VPN.Core.Common", "Core\VPN.Core.Common\VPN.Core.Common.csproj", "{A9C78947-4A59-4AB2-AEB2-409EA682C5A4}"
EndProject
Project("{2150E333-8FDC-42A3-9474-1A3956D46DE8}") = "Business", "Business", "{A0F85F14-434F-44B1-8B30-A838305C886F}"
EndProject
Project("{2150E333-8FDC-42A3-9474-1A3956D46DE8}") = "Repositories", "Repositories", "{01A0F550-D7C6-4CA7-BF45-A1A057036D38}"
EndProject
Project("{FAE04EC0-301F-11D3-BF4B-00C04F79EFBC}") = "VPN.Core.Services", "Business\VPN.Core.Services\VPN.Core.Services.csproj", "{068FD271-4ADD-42DB-ACAC-587A221123BB}"
EndProject
Project("{FAE04EC0-301F-11D3-BF4B-00C04F79EFBC}") = "VPN.Core.IServices", "Business\VPN.Core.IServices\VPN.Core.IServices.csproj", "{32B02295-4B94-478C-89B7-F1A3BE44B84D}"
EndProject
Project("{FAE04EC0-301F-11D3-BF4B-00C04F79EFBC}") = "VPN.Core.IRepositories", "Repositories\VPN.Core.IRepositories\VPN.Core.IRepositories.csproj", "{CCB6477C-F7FE-438F-B29A-1F9B713E520E}"
EndProject
Project("{FAE04EC0-301F-11D3-BF4B-00C04F79EFBC}") = "VPN.Core.Repositories", "Repositories\VPN.Core.Repositories\VPN.Core.Repositories.csproj", "{A47CC620-4E12-4E37-8679-9A93D5F9340C}"
EndProject
Global
	GlobalSection(SolutionConfigurationPlatforms) = preSolution
		Debug|Any CPU = Debug|Any CPU
		Release|Any CPU = Release|Any CPU
	EndGlobalSection
	GlobalSection(ProjectConfigurationPlatforms) = postSolution
		{985A6DD0-9557-4B8C-8FB0-12E0F89D5CAB}.Debug|Any CPU.ActiveCfg = Debug|Any CPU
		{985A6DD0-9557-4B8C-8FB0-12E0F89D5CAB}.Debug|Any CPU.Build.0 = Debug|Any CPU
		{985A6DD0-9557-4B8C-8FB0-12E0F89D5CAB}.Release|Any CPU.ActiveCfg = Release|Any CPU
		{985A6DD0-9557-4B8C-8FB0-12E0F89D5CAB}.Release|Any CPU.Build.0 = Release|Any CPU
		{6CA1A08B-D5A7-4233-9B11-D051D95E23A0}.Debug|Any CPU.ActiveCfg = Debug|Any CPU
		{6CA1A08B-D5A7-4233-9B11-D051D95E23A0}.Debug|Any CPU.Build.0 = Debug|Any CPU
		{6CA1A08B-D5A7-4233-9B11-D051D95E23A0}.Release|Any CPU.ActiveCfg = Release|Any CPU
		{6CA1A08B-D5A7-4233-9B11-D051D95E23A0}.Release|Any CPU.Build.0 = Release|Any CPU
		{A9C78947-4A59-4AB2-AEB2-409EA682C5A4}.Debug|Any CPU.ActiveCfg = Debug|Any CPU
		{A9C78947-4A59-4AB2-AEB2-409EA682C5A4}.Debug|Any CPU.Build.0 = Debug|Any CPU
		{A9C78947-4A59-4AB2-AEB2-409EA682C5A4}.Release|Any CPU.ActiveCfg = Release|Any CPU
		{A9C78947-4A59-4AB2-AEB2-409EA682C5A4}.Release|Any CPU.Build.0 = Release|Any CPU
		{068FD271-4ADD-42DB-ACAC-587A221123BB}.Debug|Any CPU.ActiveCfg = Debug|Any CPU
		{068FD271-4ADD-42DB-ACAC-587A221123BB}.Debug|Any CPU.Build.0 = Debug|Any CPU
		{068FD271-4ADD-42DB-ACAC-587A221123BB}.Release|Any CPU.ActiveCfg = Release|Any CPU
		{068FD271-4ADD-42DB-ACAC-587A221123BB}.Release|Any CPU.Build.0 = Release|Any CPU
		{32B02295-4B94-478C-89B7-F1A3BE44B84D}.Debug|Any CPU.ActiveCfg = Debug|Any CPU
		{32B02295-4B94-478C-89B7-F1A3BE44B84D}.Debug|Any CPU.Build.0 = Debug|Any CPU
		{32B02295-4B94-478C-89B7-F1A3BE44B84D}.Release|Any CPU.ActiveCfg = Release|Any CPU
		{32B02295-4B94-478C-89B7-F1A3BE44B84D}.Release|Any CPU.Build.0 = Release|Any CPU
		{CCB6477C-F7FE-438F-B29A-1F9B713E520E}.Debug|Any CPU.ActiveCfg = Debug|Any CPU
		{CCB6477C-F7FE-438F-B29A-1F9B713E520E}.Debug|Any CPU.Build.0 = Debug|Any CPU
		{CCB6477C-F7FE-438F-B29A-1F9B713E520E}.Release|Any CPU.ActiveCfg = Release|Any CPU
		{CCB6477C-F7FE-438F-B29A-1F9B713E520E}.Release|Any CPU.Build.0 = Release|Any CPU
		{A47CC620-4E12-4E37-8679-9A93D5F9340C}.Debug|Any CPU.ActiveCfg = Debug|Any CPU
		{A47CC620-4E12-4E37-8679-9A93D5F9340C}.Debug|Any CPU.Build.0 = Debug|Any CPU
		{A47CC620-4E12-4E37-8679-9A93D5F9340C}.Release|Any CPU.ActiveCfg = Release|Any CPU
		{A47CC620-4E12-4E37-8679-9A93D5F9340C}.Release|Any CPU.Build.0 = Release|Any CPU
	EndGlobalSection
	GlobalSection(SolutionProperties) = preSolution
		HideSolutionNode = FALSE
	EndGlobalSection
	GlobalSection(NestedProjects) = preSolution
		{985A6DD0-9557-4B8C-8FB0-12E0F89D5CAB} = {49666BD2-865E-4DD5-9956-77BC0BB945B9}
		{6CA1A08B-D5A7-4233-9B11-D051D95E23A0} = {69743C27-200E-4427-8057-7965927B81BD}
		{A9C78947-4A59-4AB2-AEB2-409EA682C5A4} = {69743C27-200E-4427-8057-7965927B81BD}
		{068FD271-4ADD-42DB-ACAC-587A221123BB} = {A0F85F14-434F-44B1-8B30-A838305C886F}
		{32B02295-4B94-478C-89B7-F1A3BE44B84D} = {A0F85F14-434F-44B1-8B30-A838305C886F}
		{CCB6477C-F7FE-438F-B29A-1F9B713E520E} = {01A0F550-D7C6-4CA7-BF45-A1A057036D38}
		{A47CC620-4E12-4E37-8679-9A93D5F9340C} = {01A0F550-D7C6-4CA7-BF45-A1A057036D38}
	EndGlobalSection
EndGlobal
